
Microsoft Visual Studio Solution File, Format Version 12.00
# Visual Studio Version 17
VisualStudioVersion = 17.14.37012.4 d17.14
MinimumVisualStudioVersion = 10.0.40219.1
Project("{FAE04EC0-301F-11D3-BF4B-00C04F79EFBC}") = "01. Student Information", "01. Student Information\01. Student Information.csproj", "{7F8C3AF8-8405-44F9-A0DF-E70B19BF2CEC}"
EndProject
Project("{FAE04EC0-301F-11D3-BF4B-00C04F79EFBC}") = "02. Passed", "02. Passed\02. Passed.csproj", "{00DACC88-A377-48B0-805A-975C06835F82}"
EndProject
Project("{FAE04EC0-301F-11D3-BF4B-00C04F79EFBC}") = "03. Passed or Failed", "03. Passed or Failed\03. Passed or Failed.csproj", "{A1D3EAF9-1CCE-485F-8B30-BE0E83BF34EA}"
EndProject
Project("{FAE04EC0-301F-11D3-BF4B-00C04F79EFBC}") = "04. Back In 30 Minutes", "04. Back In 30 Minutes\04. Back In 30 Minutes.csproj", "{6B63BB39-7530-4CAB-8E5B-D247A1DEBBCC}"
EndProject
Project("{FAE04EC0-301F-11D3-BF4B-00C04F79EFBC}") = "05. Month Printer", "05. Month Printer\05. Month Printer.csproj", "{067F077F-69CF-46D4-AC8F-63890605E6A8}"
EndProject
Project("{FAE04EC0-301F-11D3-BF4B-00C04F79EFBC}") = "06. Foreign Languages", "06. Foreign Languages\06. Foreign Languages.csproj", "{7EEF95B6-A341-4E6F-A9C2-8983429AAC0B}"
EndProject
Project("{FAE04EC0-301F-11D3-BF4B-00C04F79EFBC}") = "07. Theatre Promotion", "07. Theatre Promotion\07. Theatre Promotion.csproj", "{CB944216-6495-4CF0-B745-5E5DC2CF9854}"
EndProject
Project("{FAE04EC0-301F-11D3-BF4B-00C04F79EFBC}") = "08. Divisible by 3", "08. Divisible by 3\08. Divisible by 3.csproj", "{5A812DA0-16C8-4AD3-B443-632D8577346A}"
EndProject
Global
	GlobalSection(SolutionConfigurationPlatforms) = preSolution
		Debug|Any CPU = Debug|Any CPU
		Release|Any CPU = Release|Any CPU
	EndGlobalSection
	GlobalSection(ProjectConfigurationPlatforms) = postSolution
		{7F8C3AF8-8405-44F9-A0DF-E70B19BF2CEC}.Debug|Any CPU.ActiveCfg = Debug|Any CPU
		{7F8C3AF8-8405-44F9-A0DF-E70B19BF2CEC}.Debug|Any CPU.Build.0 = Debug|Any CPU
		{7F8C3AF8-8405-44F9-A0DF-E70B19BF2CEC}.Release|Any CPU.ActiveCfg = Release|Any CPU
		{7F8C3AF8-8405-44F9-A0DF-E70B19BF2CEC}.Release|Any CPU.Build.0 = Release|Any CPU
		{00DACC88-A377-48B0-805A-975C06835F82}.Debug|Any CPU.ActiveCfg = Debug|Any CPU
		{00DACC88-A377-48B0-805A-975C06835F82}.Debug|Any CPU.Build.0 = Debug|Any CPU
		{00DACC88-A377-48B0-805A-975C06835F82}.Release|Any CPU.ActiveCfg = Release|Any CPU
		{00DACC88-A377-48B0-805A-975C06835F82}.Release|Any CPU.Build.0 = Release|Any CPU
		{A1D3EAF9-1CCE-485F-8B30-BE0E83BF34EA}.Debug|Any CPU.ActiveCfg = Debug|Any CPU
		{A1D3EAF9-1CCE-485F-8B30-BE0E83BF34EA}.Debug|Any CPU.Build.0 = Debug|Any CPU
		{A1D3EAF9-1CCE-485F-8B30-BE0E83BF34EA}.Release|Any CPU.ActiveCfg = Release|Any CPU
		{A1D3EAF9-1CCE-485F-8B30-BE0E83BF34EA}.Release|Any CPU.Build.0 = Release|Any CPU
		{6B63BB39-7530-4CAB-8E5B-D247A1DEBBCC}.Debug|Any CPU.ActiveCfg = Debug|Any CPU
		{6B63BB39-7530-4CAB-8E5B-D247A1DEBBCC}.Debug|Any CPU.Build.0 = Debug|Any CPU
		{6B63BB39-7530-4CAB-8E5B-D247A1DEBBCC}.Release|Any CPU.ActiveCfg = Release|Any CPU
		{6B63BB39-7530-4CAB-8E5B-D247A1DEBBCC}.Release|Any CPU.Build.0 = Release|Any CPU
		{067F077F-69CF-46D4-AC8F-63890605E6A8}.Debug|Any CPU.ActiveCfg = Debug|Any CPU
		{067F077F-69CF-46D4-AC8F-63890605E6A8}.Debug|Any CPU.Build.0 = Debug|Any CPU
		{067F077F-69CF-46D4-AC8F-63890605E6A8}.Release|Any CPU.ActiveCfg = Release|Any CPU
		{067F077F-69CF-46D4-AC8F-63890605E6A8}.Release|Any CPU.Build.0 = Release|Any CPU
		{7EEF95B6-A341-4E6F-A9C2-8983429AAC0B}.Debug|Any CPU.ActiveCfg = Debug|Any CPU
		{7EEF95B6-A341-4E6F-A9C2-8983429AAC0B}.Debug|Any CPU.Build.0 = Debug|Any CPU
		{7EEF95B6-A341-4E6F-A9C2-8983429AAC0B}.Release|Any CPU.ActiveCfg = Release|Any CPU
		{7EEF95B6-A341-4E6F-A9C2-8983429AAC0B}.Release|Any CPU.Build.0 = Release|Any CPU
		{CB944216-6495-4CF0-B745-5E5DC2CF9854}.Debug|Any CPU.ActiveCfg = Debug|Any CPU
		{CB944216-6495-4CF0-B745-5E5DC2CF9854}.Debug|Any CPU.Build.0 = Debug|Any CPU
		{CB944216-6495-4CF0-B745-5E5DC2CF9854}.Release|Any CPU.ActiveCfg = Release|Any CPU
		{CB944216-6495-4CF0-B745-5E5DC2CF9854}.Release|Any CPU.Build.0 = Release|Any CPU
		{5A812DA0-16C8-4AD3-B443-632D8577346A}.Debug|Any CPU.ActiveCfg = Debug|Any CPU
		{5A812DA0-16C8-4AD3-B443-632D8577346A}.Debug|Any CPU.Build.0 = Debug|Any CPU
		{5A812DA0-16C8-4AD3-B443-632D8577346A}.Release|Any CPU.ActiveCfg = Release|Any CPU
		{5A812DA0-16C8-4AD3-B443-632D8577346A}.Release|Any CPU.Build.0 = Release|Any CPU
	EndGlobalSection
	GlobalSection(SolutionProperties) = preSolution
		HideSolutionNode = FALSE
	EndGlobalSection
	GlobalSection(ExtensibilityGlobals) = postSolution
		SolutionGuid = {5BCB5268-96A7-4D35-B396-A3982F90581D}
	EndGlobalSection
EndGlobal
